
Microsoft Visual Studio Solution File, Format Version 12.00
# Visual Studio Version 17
VisualStudioVersion = 17.3.32819.101
MinimumVisualStudioVersion = 10.0.40219.1
Project("{FAE04EC0-301F-11D3-BF4B-00C04F79EFBC}") = "uppgift 3.15", "uppgift 3.15\uppgift 3.15.csproj", "{262304AC-2781-4948-912B-32A649DF9490}"
EndProject
Global
	GlobalSection(SolutionConfigurationPlatforms) = preSolution
		Debug|Any CPU = Debug|Any CPU
		Release|Any CPU = Release|Any CPU
	EndGlobalSection
	GlobalSection(ProjectConfigurationPlatforms) = postSolution
		{262304AC-2781-4948-912B-32A649DF9490}.Debug|Any CPU.ActiveCfg = Debug|Any CPU
		{262304AC-2781-4948-912B-32A649DF9490}.Debug|Any CPU.Build.0 = Debug|Any CPU
		{262304AC-2781-4948-912B-32A649DF9490}.Release|Any CPU.ActiveCfg = Release|Any CPU
		{262304AC-2781-4948-912B-32A649DF9490}.Release|Any CPU.Build.0 = Release|Any CPU
	EndGlobalSection
	GlobalSection(SolutionProperties) = preSolution
		HideSolutionNode = FALSE
	EndGlobalSection
	GlobalSection(ExtensibilityGlobals) = postSolution
		SolutionGuid = {95A3CB51-3019-487D-8A1F-0BA219AF0EE9}
	EndGlobalSection
EndGlobal
